// !$*UTF8*$!
{
	archiveVersion = 1;
	classes = {
	};
	objectVersion = 77;
	objects = {

/* Begin PBXBuildFile section */
		0F50D40730485A0C00F7ECFA /* AppDelegate.swift in Sources */ = {isa = PBXBuildFile; fileRef = 0F50D40630485A0C00F7ECFA /* AppDelegate.swift */; };
		0F50D40B30485A0C00F7ECFA /* Main.html in Resources */ = {isa = PBXBuildFile; fileRef = 0F50D40930485A0C00F7ECFA /* Main.html */; };
		0F50D40D30485A0C00F7ECFA /* Icon.png in Resources */ = {isa = PBXBuildFile; fileRef = 0F50D40C30485A0C00F7ECFA /* Icon.png */; };
		0F50D40F30485A0C00F7ECFA /* Style.css in Resources */ = {isa = PBXBuildFile; fileRef = 0F50D40E30485A0C00F7ECFA /* Style.css */; };
		0F50D41130485A0C00F7ECFA /* Script.js in Resources */ = {isa = PBXBuildFile; fileRef = 0F50D41030485A0C00F7ECFA /* Script.js */; };
		0F50D41330485A0C00F7ECFA /* ViewController.swift in Sources */ = {isa = PBXBuildFile; fileRef = 0F50D41230485A0C00F7ECFA /* ViewController.swift */; };
		0F50D41630485A0C00F7ECFA /* Main.storyboard in Resources */ = {isa = PBXBuildFile; fileRef = 0F50D41430485A0C00F7ECFA /* Main.storyboard */; };
		0F50D41830485A0D00F7ECFA /* Assets.xcassets in Resources */ = {isa = PBXBuildFile; fileRef = 0F50D41730485A0D00F7ECFA /* Assets.xcassets */; };
		0F50D41F30485A0D00F7ECFA /* Lucid Companion Extension.appex in Embed Foundation Extensions */ = {isa = PBXBuildFile; fileRef = 0F50D41E30485A0D00F7ECFA /* Lucid Companion Extension.appex */; settings = {ATTRIBUTES = (RemoveHeadersOnCopy, ); }; };
		0F50D42430485A0D00F7ECFA /* SafariWebExtensionHandler.swift in Sources */ = {isa = PBXBuildFile; fileRef = 0F50D42330485A0D00F7ECFA /* SafariWebExtensionHandler.swift */; };
		0F50D43330485A0D00F7ECFA /* background.js in Resources */ = {isa = PBXBuildFile; fileRef = 0F50D43030485A0D00F7ECFA /* background.js */; };
		0F50D43430485A0D00F7ECFA /* manifest.json in Resources */ = {isa = PBXBuildFile; fileRef = 0F50D43130485A0D00F7ECFA /* manifest.json */; };
		0F50D43530485A0D00F7ECFA /* content.js in Resources */ = {isa = PBXBuildFile; fileRef = 0F50D43230485A0D00F7ECFA /* content.js */; };
/* End PBXBuildFile section */

/* Begin PBXContainerItemProxy section */
		0F50D42030485A0D00F7ECFA /* PBXContainerItemProxy */ = {
			isa = PBXContainerItemProxy;
			containerPortal = 0F50D3FB30485A0C00F7ECFA /* Project object */;
			proxyType = 1;
			remoteGlobalIDString = 0F50D41D30485A0D00F7ECFA;
			remoteInfo = "Lucid Companion Extension";
		};
/* End PBXContainerItemProxy section */

/* Begin PBXCopyFilesBuildPhase section */
		0F50D42B30485A0D00F7ECFA /* Embed Foundation Extensions */ = {
			isa = PBXCopyFilesBuildPhase;
			buildActionMask = 2147483647;
			dstPath = "";
			dstSubfolderSpec = 13;
			files = (
				0F50D41F30485A0D00F7ECFA /* Lucid Companion Extension.appex in Embed Foundation Extensions */,
			);
			name = "Embed Foundation Extensions";
			runOnlyForDeploymentPostprocessing = 0;
		};
/* End PBXCopyFilesBuildPhase section */

/* Begin PBXFileReference section */
		0F50D40330485A0C00F7ECFA /* Lucid Companion.app */ = {isa = PBXFileReference; explicitFileType = wrapper.application; includeInIndex = 0; path = "Lucid Companion.app"; sourceTree = BUILT_PRODUCTS_DIR; };
		0F50D40630485A0C00F7ECFA /* AppDelegate.swift */ = {isa = PBXFileReference; lastKnownFileType = sourcecode.swift; path = AppDelegate.swift; sourceTree = "<group>"; };
		0F50D40A30485A0C00F7ECFA /* Base */ = {isa = PBXFileReference; lastKnownFileType = text.html; name = Base; path = Base.lproj/Main.html; sourceTree = "<group>"; };
		0F50D40C30485A0C00F7ECFA /* Icon.png */ = {isa = PBXFileReference; lastKnownFileType = image.png; path = Icon.png; sourceTree = "<group>"; };
		0F50D40E30485A0C00F7ECFA /* Style.css */ = {isa = PBXFileReference; lastKnownFileType = text.css; path = Style.css; sourceTree = "<group>"; };
		0F50D41030485A0C00F7ECFA /* Script.js */ = {isa = PBXFileReference; lastKnownFileType = sourcecode.javascript; path = Script.js; sourceTree = "<group>"; };
		0F50D41230485A0C00F7ECFA /* ViewController.swift */ = {isa = PBXFileReference; lastKnownFileType = sourcecode.swift; path = ViewController.swift; sourceTree = "<group>"; };
		0F50D41530485A0C00F7ECFA /* Base */ = {isa = PBXFileReference; lastKnownFileType = file.storyboard; name = Base; path = Base.lproj/Main.storyboard; sourceTree = "<group>"; };
		0F50D41730485A0D00F7ECFA /* Assets.xcassets */ = {isa = PBXFileReference; lastKnownFileType = folder.assetcatalog; path = Assets.xcassets; sourceTree = "<group>"; };
		0F50D41930485A0D00F7ECFA /* Info.plist */ = {isa = PBXFileReference; lastKnownFileType = text.plist.xml; path = Info.plist; sourceTree = "<group>"; };
		0F50D41E30485A0D00F7ECFA /* Lucid Companion Extension.appex */ = {isa = PBXFileReference; explicitFileType = "wrapper.app-extension"; includeInIndex = 0; path = "Lucid Companion Extension.appex"; sourceTree = BUILT_PRODUCTS_DIR; };
		0F50D42330485A0D00F7ECFA /* SafariWebExtensionHandler.swift */ = {isa = PBXFileReference; lastKnownFileType = sourcecode.swift; path = SafariWebExtensionHandler.swift; sourceTree = "<group>"; };
		0F50D42530485A0D00F7ECFA /* Info.plist */ = {isa = PBXFileReference; lastKnownFileType = text.plist.xml; path = Info.plist; sourceTree = "<group>"; };
		0F50D43030485A0D00F7ECFA /* background.js */ = {isa = PBXFileReference; lastKnownFileType = sourcecode.javascript; name = background.js; path = Resources/background.js; sourceTree = "<group>"; };
		0F50D43130485A0D00F7ECFA /* manifest.json */ = {isa = PBXFileReference; lastKnownFileType = text.json; name = manifest.json; path = Resources/manifest.json; sourceTree = "<group>"; };
		0F50D43230485A0D00F7ECFA /* content.js */ = {isa = PBXFileReference; lastKnownFileType = sourcecode.javascript; name = content.js; path = Resources/content.js; sourceTree = "<group>"; };
/* End PBXFileReference section */

/* Begin PBXFrameworksBuildPhase section */
		0F50D40030485A0C00F7ECFA /* Frameworks */ = {
			isa = PBXFrameworksBuildPhase;
			buildActionMask = 2147483647;
			files = (
			);
			runOnlyForDeploymentPostprocessing = 0;
		};
		0F50D41B30485A0D00F7ECFA /* Frameworks */ = {
			isa = PBXFrameworksBuildPhase;
			buildActionMask = 2147483647;
			files = (
			);
			runOnlyForDeploymentPostprocessing = 0;
		};
/* End PBXFrameworksBuildPhase section */

/* Begin PBXGroup section */
		0F50D3FA30485A0C00F7ECFA = {
			isa = PBXGroup;
			children = (
				0F50D40530485A0C00F7ECFA /* Lucid Companion */,
				0F50D42230485A0D00F7ECFA /* Lucid Companion Extension */,
				0F50D40430485A0C00F7ECFA /* Products */,
			);
			sourceTree = "<group>";
		};
		0F50D40430485A0C00F7ECFA /* Products */ = {
			isa = PBXGroup;
			children = (
				0F50D40330485A0C00F7ECFA /* Lucid Companion.app */,
				0F50D41E30485A0D00F7ECFA /* Lucid Companion Extension.appex */,
			);
			name = Products;
			sourceTree = "<group>";
		};
		0F50D40530485A0C00F7ECFA /* Lucid Companion */ = {
			isa = PBXGroup;
			children = (
				0F50D40630485A0C00F7ECFA /* AppDelegate.swift */,
				0F50D41230485A0C00F7ECFA /* ViewController.swift */,
				0F50D41430485A0C00F7ECFA /* Main.storyboard */,
				0F50D41730485A0D00F7ECFA /* Assets.xcassets */,
				0F50D41930485A0D00F7ECFA /* Info.plist */,
				0F50D40830485A0C00F7ECFA /* Resources */,
			);
			path = "Lucid Companion";
			sourceTree = "<group>";
		};
		0F50D40830485A0C00F7ECFA /* Resources */ = {
			isa = PBXGroup;
			children = (
				0F50D40930485A0C00F7ECFA /* Main.html */,
				0F50D40C30485A0C00F7ECFA /* Icon.png */,
				0F50D40E30485A0C00F7ECFA /* Style.css */,
				0F50D41030485A0C00F7ECFA /* Script.js */,
			);
			path = Resources;
			sourceTree = "<group>";
		};
		0F50D42230485A0D00F7ECFA /* Lucid Companion Extension */ = {
			isa = PBXGroup;
			children = (
				0F50D42F30485A0D00F7ECFA /* Resources */,
				0F50D42330485A0D00F7ECFA /* SafariWebExtensionHandler.swift */,
				0F50D42530485A0D00F7ECFA /* Info.plist */,
			);
			path = "Lucid Companion Extension";
			sourceTree = "<group>";
		};
		0F50D42F30485A0D00F7ECFA /* Resources */ = {
			isa = PBXGroup;
			children = (
				0F50D43030485A0D00F7ECFA /* background.js */,
				0F50D43130485A0D00F7ECFA /* manifest.json */,
				0F50D43230485A0D00F7ECFA /* content.js */,
			);
			name = Resources;
			path = "Lucid Companion Extension";
			sourceTree = SOURCE_ROOT;
		};
/* End PBXGroup section */

/* Begin PBXNativeTarget section */
		0F50D40230485A0C00F7ECFA /* Lucid Companion */ = {
			isa = PBXNativeTarget;
			buildConfigurationList = 0F50D42C30485A0D00F7ECFA /* Build configuration list for PBXNativeTarget "Lucid Companion" */;
			buildPhases = (
				0F50D3FF30485A0C00F7ECFA /* Sources */,
				0F50D40030485A0C00F7ECFA /* Frameworks */,
				0F50D40130485A0C00F7ECFA /* Resources */,
				0F50D42B30485A0D00F7ECFA /* Embed Foundation Extensions */,
			);
			buildRules = (
			);
			dependencies = (
				0F50D42130485A0D00F7ECFA /* PBXTargetDependency */,
			);
			name = "Lucid Companion";
			packageProductDependencies = (
			);
			productName = "Lucid Companion";
			productReference = 0F50D40330485A0C00F7ECFA /* Lucid Companion.app */;
			productType = "com.apple.product-type.application";
		};
		0F50D41D30485A0D00F7ECFA /* Lucid Companion Extension */ = {
			isa = PBXNativeTarget;
			buildConfigurationList = 0F50D42830485A0D00F7ECFA /* Build configuration list for PBXNativeTarget "Lucid Companion Extension" */;
			buildPhases = (
				0F50D41A30485A0D00F7ECFA /* Sources */,
				0F50D41B30485A0D00F7ECFA /* Frameworks */,
				0F50D41C30485A0D00F7ECFA /* Resources */,
			);
			buildRules = (
			);
			dependencies = (
			);
			name = "Lucid Companion Extension";
			packageProductDependencies = (
			);
			productName = "Lucid Companion Extension";
			productReference = 0F50D41E30485A0D00F7ECFA /* Lucid Companion Extension.appex */;
			productType = "com.apple.product-type.app-extension";
		};
/* End PBXNativeTarget section */

/* Begin PBXProject section */
		0F50D3FB30485A0C00F7ECFA /* Project object */ = {
			isa = PBXProject;
			attributes = {
				BuildIndependentTargetsInParallel = 1;
				LastSwiftUpdateCheck = 2620;
				LastUpgradeCheck = 2620;
				TargetAttributes = {
					0F50D40230485A0C00F7ECFA = {
						CreatedOnToolsVersion = 26.2;
					};
					0F50D41D30485A0D00F7ECFA = {
						CreatedOnToolsVersion = 26.2;
					};
				};
			};
			buildConfigurationList = 0F50D3FE30485A0C00F7ECFA /* Build configuration list for PBXProject "Lucid Companion" */;
			developmentRegion = en;
			hasScannedForEncodings = 0;
			knownRegions = (
				en,
				Base,
			);
			mainGroup = 0F50D3FA30485A0C00F7ECFA;
			minimizedProjectReferenceProxies = 1;
			preferredProjectObjectVersion = 77;
			productRefGroup = 0F50D40430485A0C00F7ECFA /* Products */;
			projectDirPath = "";
			projectRoot = "";
			targets = (
				0F50D40230485A0C00F7ECFA /* Lucid Companion */,
				0F50D41D30485A0D00F7ECFA /* Lucid Companion Extension */,
			);
		};
/* End PBXProject section */

/* Begin PBXResourcesBuildPhase section */
		0F50D40130485A0C00F7ECFA /* Resources */ = {
			isa = PBXResourcesBuildPhase;
			buildActionMask = 2147483647;
			files = (
				0F50D40D30485A0C00F7ECFA /* Icon.png in Resources */,
				0F50D41630485A0C00F7ECFA /* Main.storyboard in Resources */,
				0F50D41130485A0C00F7ECFA /* Script.js in Resources */,
				0F50D40B30485A0C00F7ECFA /* Main.html in Resources */,
				0F50D41830485A0D00F7ECFA /* Assets.xcassets in Resources */,
				0F50D40F30485A0C00F7ECFA /* Style.css in Resources */,
			);
			runOnlyForDeploymentPostprocessing = 0;
		};
		0F50D41C30485A0D00F7ECFA /* Resources */ = {
			isa = PBXResourcesBuildPhase;
			buildActionMask = 2147483647;
			files = (
				0F50D43530485A0D00F7ECFA /* content.js in Resources */,
				0F50D43430485A0D00F7ECFA /* manifest.json in Resources */,
				0F50D43330485A0D00F7ECFA /* background.js in Resources */,
			);
			runOnlyForDeploymentPostprocessing = 0;
		};
/* End PBXResourcesBuildPhase section */

/* Begin PBXSourcesBuildPhase section */
		0F50D3FF30485A0C00F7ECFA /* Sources */ = {
			isa = PBXSourcesBuildPhase;
			buildActionMask = 2147483647;
			files = (
				0F50D41330485A0C00F7ECFA /* ViewController.swift in Sources */,
				0F50D40730485A0C00F7ECFA /* AppDelegate.swift in Sources */,
			);
			runOnlyForDeploymentPostprocessing = 0;
		};
		0F50D41A30485A0D00F7ECFA /* Sources */ = {
			isa = PBXSourcesBuildPhase;
			buildActionMask = 2147483647;
			files = (
				0F50D42430485A0D00F7ECFA /* SafariWebExtensionHandler.swift in Sources */,
			);
			runOnlyForDeploymentPostprocessing = 0;
		};
/* End PBXSourcesBuildPhase section */

/* Begin PBXTargetDependency section */
		0F50D42130485A0D00F7ECFA /* PBXTargetDependency */ = {
			isa = PBXTargetDependency;
			target = 0F50D41D30485A0D00F7ECFA /* Lucid Companion Extension */;
			targetProxy = 0F50D42030485A0D00F7ECFA /* PBXContainerItemProxy */;
		};
/* End PBXTargetDependency section */

/* Begin PBXVariantGroup section */
		0F50D40930485A0C00F7ECFA /* Main.html */ = {
			isa = PBXVariantGroup;
			children = (
				0F50D40A30485A0C00F7ECFA /* Base */,
			);
			name = Main.html;
			sourceTree = "<group>";
		};
		0F50D41430485A0C00F7ECFA /* Main.storyboard */ = {
			isa = PBXVariantGroup;
			children = (
				0F50D41530485A0C00F7ECFA /* Base */,
			);
			name = Main.storyboard;
			sourceTree = "<group>";
		};
/* End PBXVariantGroup section */

/* Begin XCBuildConfiguration section */
		0F50D42630485A0D00F7ECFA /* Debug */ = {
			isa = XCBuildConfiguration;
			buildSettings = {
				ALWAYS_SEARCH_USER_PATHS = NO;
				ASSETCATALOG_COMPILER_GENERATE_SWIFT_ASSET_SYMBOL_EXTENSIONS = YES;
				CLANG_ANALYZER_NONNULL = YES;
				CLANG_ANALYZER_NUMBER_OBJECT_CONVERSION = YES_AGGRESSIVE;
				CLANG_CXX_LANGUAGE_STANDARD = "gnu++20";
				CLANG_ENABLE_MODULES = YES;
				CLANG_ENABLE_OBJC_ARC = YES;
				CLANG_ENABLE_OBJC_WEAK = YES;
				CLANG_WARN_BLOCK_CAPTURE_AUTORELEASING = YES;
				CLANG_WARN_BOOL_CONVERSION = YES;
				CLANG_WARN_COMMA = YES;
				CLANG_WARN_CONSTANT_CONVERSION = YES;
				CLANG_WARN_DEPRECATED_OBJC_IMPLEMENTATIONS = YES;
				CLANG_WARN_DIRECT_OBJC_ISA_USAGE = YES_ERROR;
				CLANG_WARN_DOCUMENTATION_COMMENTS = YES;
				CLANG_WARN_EMPTY_BODY = YES;
				CLANG_WARN_ENUM_CONVERSION = YES;
				CLANG_WARN_INFINITE_RECURSION = YES;
				CLANG_WARN_INT_CONVERSION = YES;
				CLANG_WARN_NON_LITERAL_NULL_CONVERSION = YES;
				CLANG_WARN_OBJC_IMPLICIT_RETAIN_SELF = YES;
				CLANG_WARN_OBJC_LITERAL_CONVERSION = YES;
				CLANG_WARN_OBJC_ROOT_CLASS = YES_ERROR;
				CLANG_WARN_QUOTED_INCLUDE_IN_FRAMEWORK_HEADER = YES;
				CLANG_WARN_RANGE_LOOP_ANALYSIS = YES;
				CLANG_WARN_STRICT_PROTOTYPES = YES;
				CLANG_WARN_SUSPICIOUS_MOVE = YES;
				CLANG_WARN_UNGUARDED_AVAILABILITY = YES_AGGRESSIVE;
				CLANG_WARN_UNREACHABLE_CODE = YES;
				CLANG_WARN__DUPLICATE_METHOD_MATCH = YES;
				COPY_PHASE_STRIP = NO;
				DEBUG_INFORMATION_FORMAT = dwarf;
				ENABLE_STRICT_OBJC_MSGSEND = YES;
				ENABLE_TESTABILITY = YES;
				ENABLE_USER_SCRIPT_SANDBOXING = YES;
				GCC_C_LANGUAGE_STANDARD = gnu17;
				GCC_DYNAMIC_NO_PIC = NO;
				GCC_NO_COMMON_BLOCKS = YES;
				GCC_OPTIMIZATION_LEVEL = 0;
				GCC_PREPROCESSOR_DEFINITIONS = (
					"DEBUG=1",
					"$(inherited)",
				);
				GCC_WARN_64_TO_32_BIT_CONVERSION = YES;
				GCC_WARN_ABOUT_RETURN_TYPE = YES_ERROR;
				GCC_WARN_UNDECLARED_SELECTOR = YES;
				GCC_WARN_UNINITIALIZED_AUTOS = YES_AGGRESSIVE;
				GCC_WARN_UNUSED_FUNCTION = YES;
				GCC_WARN_UNUSED_VARIABLE = YES;
				LOCALIZATION_PREFERS_STRING_CATALOGS = YES;
				MACOSX_DEPLOYMENT_TARGET = 26.2;
				MTL_ENABLE_DEBUG_INFO = INCLUDE_SOURCE;
				MTL_FAST_MATH = YES;
				ONLY_ACTIVE_ARCH = YES;
				SDKROOT = macosx;
				SWIFT_ACTIVE_COMPILATION_CONDITIONS = "DEBUG $(inherited)";
				SWIFT_OPTIMIZATION_LEVEL = "-Onone";
			};
			name = Debug;
		};
		0F50D42730485A0D00F7ECFA /* Release */ = {
			isa = XCBuildConfiguration;
			buildSettings = {
				ALWAYS_SEARCH_USER_PATHS = NO;
				ASSETCATALOG_COMPILER_GENERATE_SWIFT_ASSET_SYMBOL_EXTENSIONS = YES;
				CLANG_ANALYZER_NONNULL = YES;
				CLANG_ANALYZER_NUMBER_OBJECT_CONVERSION = YES_AGGRESSIVE;
				CLANG_CXX_LANGUAGE_STANDARD = "gnu++20";
				CLANG_ENABLE_MODULES = YES;
				CLANG_ENABLE_OBJC_ARC = YES;
				CLANG_ENABLE_OBJC_WEAK = YES;
				CLANG_WARN_BLOCK_CAPTURE_AUTORELEASING = YES;
				CLANG_WARN_BOOL_CONVERSION = YES;
				CLANG_WARN_COMMA = YES;
				CLANG_WARN_CONSTANT_CONVERSION = YES;
				CLANG_WARN_DEPRECATED_OBJC_IMPLEMENTATIONS = YES;
				CLANG_WARN_DIRECT_OBJC_ISA_USAGE = YES_ERROR;
				CLANG_WARN_DOCUMENTATION_COMMENTS = YES;
				CLANG_WARN_EMPTY_BODY = YES;
				CLANG_WARN_ENUM_CONVERSION = YES;
				CLANG_WARN_INFINITE_RECURSION = YES;
				CLANG_WARN_INT_CONVERSION = YES;
				CLANG_WARN_NON_LITERAL_NULL_CONVERSION = YES;
				CLANG_WARN_OBJC_IMPLICIT_RETAIN_SELF = YES;
				CLANG_WARN_OBJC_LITERAL_CONVERSION = YES;
				CLANG_WARN_OBJC_ROOT_CLASS = YES_ERROR;
				CLANG_WARN_QUOTED_INCLUDE_IN_FRAMEWORK_HEADER = YES;
				CLANG_WARN_RANGE_LOOP_ANALYSIS = YES;
				CLANG_WARN_STRICT_PROTOTYPES = YES;
				CLANG_WARN_SUSPICIOUS_MOVE = YES;
				CLANG_WARN_UNGUARDED_AVAILABILITY = YES_AGGRESSIVE;
				CLANG_WARN_UNREACHABLE_CODE = YES;
				CLANG_WARN__DUPLICATE_METHOD_MATCH = YES;
				COPY_PHASE_STRIP = NO;
				DEBUG_INFORMATION_FORMAT = "dwarf-with-dsym";
				ENABLE_NS_ASSERTIONS = NO;
				ENABLE_STRICT_OBJC_MSGSEND = YES;
				ENABLE_USER_SCRIPT_SANDBOXING = YES;
				GCC_C_LANGUAGE_STANDARD = gnu17;
				GCC_NO_COMMON_BLOCKS = YES;
				GCC_WARN_64_TO_32_BIT_CONVERSION = YES;
				GCC_WARN_ABOUT_RETURN_TYPE = YES_ERROR;
				GCC_WARN_UNDECLARED_SELECTOR = YES;
				GCC_WARN_UNINITIALIZED_AUTOS = YES_AGGRESSIVE;
				GCC_WARN_UNUSED_FUNCTION = YES;
				GCC_WARN_UNUSED_VARIABLE = YES;
				LOCALIZATION_PREFERS_STRING_CATALOGS = YES;
				MACOSX_DEPLOYMENT_TARGET = 26.2;
				MTL_ENABLE_DEBUG_INFO = NO;
				MTL_FAST_MATH = YES;
				SDKROOT = macosx;
				SWIFT_COMPILATION_MODE = wholemodule;
			};
			name = Release;
		};
		0F50D42930485A0D00F7ECFA /* Debug */ = {
			isa = XCBuildConfiguration;
			buildSettings = {
				CODE_SIGN_STYLE = Automatic;
				CURRENT_PROJECT_VERSION = 1;
				ENABLE_APP_SANDBOX = YES;
				ENABLE_HARDENED_RUNTIME = YES;
				ENABLE_USER_SELECTED_FILES = readonly;
				GENERATE_INFOPLIST_FILE = YES;
				INFOPLIST_FILE = "Lucid Companion Extension/Info.plist";
				INFOPLIST_KEY_CFBundleDisplayName = "Lucid Companion Extension";
				INFOPLIST_KEY_NSHumanReadableCopyright = "";
				LD_RUNPATH_SEARCH_PATHS = (
					"$(inherited)",
					"@executable_path/../Frameworks",
					"@executable_path/../../../../Frameworks",
				);
				MACOSX_DEPLOYMENT_TARGET = 10.14;
				MARKETING_VERSION = 1.0;
				OTHER_LDFLAGS = (
					"-framework",
					SafariServices,
				);
				PRODUCT_BUNDLE_IDENTIFIER = com.braedonsaunders.lucid.companion.extension;
				PRODUCT_NAME = "$(TARGET_NAME)";
				SKIP_INSTALL = YES;
				STRING_CATALOG_GENERATE_SYMBOLS = YES;
				SWIFT_APPROACHABLE_CONCURRENCY = YES;
				SWIFT_EMIT_LOC_STRINGS = YES;
				SWIFT_UPCOMING_FEATURE_MEMBER_IMPORT_VISIBILITY = YES;
				SWIFT_VERSION = 5.0;
			};
			name = Debug;
		};
		0F50D42A30485A0D00F7ECFA /* Release */ = {
			isa = XCBuildConfiguration;
			buildSettings = {
				CODE_SIGN_STYLE = Automatic;
				CURRENT_PROJECT_VERSION = 1;
				ENABLE_APP_SANDBOX = YES;
				ENABLE_HARDENED_RUNTIME = YES;
				ENABLE_USER_SELECTED_FILES = readonly;
				GENERATE_INFOPLIST_FILE = YES;
				INFOPLIST_FILE = "Lucid Companion Extension/Info.plist";
				INFOPLIST_KEY_CFBundleDisplayName = "Lucid Companion Extension";
				INFOPLIST_KEY_NSHumanReadableCopyright = "";
				LD_RUNPATH_SEARCH_PATHS = (
					"$(inherited)",
					"@executable_path/../Frameworks",
					"@executable_path/../../../../Frameworks",
				);
				MACOSX_DEPLOYMENT_TARGET = 10.14;
				MARKETING_VERSION = 1.0;
				OTHER_LDFLAGS = (
					"-framework",
					SafariServices,
				);
				PRODUCT_BUNDLE_IDENTIFIER = com.braedonsaunders.lucid.companion.extension;
				PRODUCT_NAME = "$(TARGET_NAME)";
				SKIP_INSTALL = YES;
				STRING_CATALOG_GENERATE_SYMBOLS = YES;
				SWIFT_APPROACHABLE_CONCURRENCY = YES;
				SWIFT_EMIT_LOC_STRINGS = YES;
				SWIFT_UPCOMING_FEATURE_MEMBER_IMPORT_VISIBILITY = YES;
				SWIFT_VERSION = 5.0;
			};
			name = Release;
		};
		0F50D42D30485A0D00F7ECFA /* Debug */ = {
			isa = XCBuildConfiguration;
			buildSettings = {
				ASSETCATALOG_COMPILER_APPICON_NAME = AppIcon;
				ASSETCATALOG_COMPILER_GLOBAL_ACCENT_COLOR_NAME = AccentColor;
				CODE_SIGN_STYLE = Automatic;
				COMBINE_HIDPI_IMAGES = YES;
				CURRENT_PROJECT_VERSION = 1;
				ENABLE_APP_SANDBOX = YES;
				ENABLE_HARDENED_RUNTIME = YES;
				ENABLE_OUTGOING_NETWORK_CONNECTIONS = YES;
				ENABLE_USER_SELECTED_FILES = readonly;
				GENERATE_INFOPLIST_FILE = YES;
				INFOPLIST_FILE = "Lucid Companion/Info.plist";
				INFOPLIST_KEY_CFBundleDisplayName = "Lucid Companion";
				INFOPLIST_KEY_NSHumanReadableCopyright = "";
				INFOPLIST_KEY_NSMainStoryboardFile = Main;
				INFOPLIST_KEY_NSPrincipalClass = NSApplication;
				LD_RUNPATH_SEARCH_PATHS = (
					"$(inherited)",
					"@executable_path/../Frameworks",
				);
				MARKETING_VERSION = 1.0;
				OTHER_LDFLAGS = (
					"-framework",
					SafariServices,
					"-framework",
					WebKit,
				);
				PRODUCT_BUNDLE_IDENTIFIER = com.braedonsaunders.lucid.companion;
				PRODUCT_NAME = "$(TARGET_NAME)";
				REGISTER_APP_GROUPS = YES;
				STRING_CATALOG_GENERATE_SYMBOLS = YES;
				SWIFT_APPROACHABLE_CONCURRENCY = YES;
				SWIFT_DEFAULT_ACTOR_ISOLATION = MainActor;
				SWIFT_EMIT_LOC_STRINGS = YES;
				SWIFT_UPCOMING_FEATURE_MEMBER_IMPORT_VISIBILITY = YES;
				SWIFT_VERSION = 5.0;
			};
			name = Debug;
		};
		0F50D42E30485A0D00F7ECFA /* Release */ = {
			isa = XCBuildConfiguration;
			buildSettings = {
				ASSETCATALOG_COMPILER_APPICON_NAME = AppIcon;
				ASSETCATALOG_COMPILER_GLOBAL_ACCENT_COLOR_NAME = AccentColor;
				CODE_SIGN_STYLE = Automatic;
				COMBINE_HIDPI_IMAGES = YES;
				CURRENT_PROJECT_VERSION = 1;
				ENABLE_APP_SANDBOX = YES;
				ENABLE_HARDENED_RUNTIME = YES;
				ENABLE_OUTGOING_NETWORK_CONNECTIONS = YES;
				ENABLE_USER_SELECTED_FILES = readonly;
				GENERATE_INFOPLIST_FILE = YES;
				INFOPLIST_FILE = "Lucid Companion/Info.plist";
				INFOPLIST_KEY_CFBundleDisplayName = "Lucid Companion";
				INFOPLIST_KEY_NSHumanReadableCopyright = "";
				INFOPLIST_KEY_NSMainStoryboardFile = Main;
				INFOPLIST_KEY_NSPrincipalClass = NSApplication;
				LD_RUNPATH_SEARCH_PATHS = (
					"$(inherited)",
					"@executable_path/../Frameworks",
				);
				MARKETING_VERSION = 1.0;
				OTHER_LDFLAGS = (
					"-framework",
					SafariServices,
					"-framework",
					WebKit,
				);
				PRODUCT_BUNDLE_IDENTIFIER = com.braedonsaunders.lucid.companion;
				PRODUCT_NAME = "$(TARGET_NAME)";
				REGISTER_APP_GROUPS = YES;
				STRING_CATALOG_GENERATE_SYMBOLS = YES;
				SWIFT_APPROACHABLE_CONCURRENCY = YES;
				SWIFT_DEFAULT_ACTOR_ISOLATION = MainActor;
				SWIFT_EMIT_LOC_STRINGS = YES;
				SWIFT_UPCOMING_FEATURE_MEMBER_IMPORT_VISIBILITY = YES;
				SWIFT_VERSION = 5.0;
			};
			name = Release;
		};
/* End XCBuildConfiguration section */

/* Begin XCConfigurationList section */
		0F50D3FE30485A0C00F7ECFA /* Build configuration list for PBXProject "Lucid Companion" */ = {
			isa = XCConfigurationList;
			buildConfigurations = (
				0F50D42630485A0D00F7ECFA /* Debug */,
				0F50D42730485A0D00F7ECFA /* Release */,
			);
			defaultConfigurationIsVisible = 0;
			defaultConfigurationName = Release;
		};
		0F50D42830485A0D00F7ECFA /* Build configuration list for PBXNativeTarget "Lucid Companion Extension" */ = {
			isa = XCConfigurationList;
			buildConfigurations = (
				0F50D42930485A0D00F7ECFA /* Debug */,
				0F50D42A30485A0D00F7ECFA /* Release */,
			);
			defaultConfigurationIsVisible = 0;
			defaultConfigurationName = Release;
		};
		0F50D42C30485A0D00F7ECFA /* Build configuration list for PBXNativeTarget "Lucid Companion" */ = {
			isa = XCConfigurationList;
			buildConfigurations = (
				0F50D42D30485A0D00F7ECFA /* Debug */,
				0F50D42E30485A0D00F7ECFA /* Release */,
			);
			defaultConfigurationIsVisible = 0;
			defaultConfigurationName = Release;
		};
/* End XCConfigurationList section */
	};
	rootObject = 0F50D3FB30485A0C00F7ECFA /* Project object */;
}
